// !$*UTF8*$!
{
	archiveVersion = 1;
	classes = {
	};
	objectVersion = 46;
	objects = {

/* Begin PBXBuildFile section */
		60404F1115C7E4F400081A0A /* UIKit.framework in Frameworks */ = {isa = PBXBuildFile; fileRef = 60404F1015C7E4F400081A0A /* UIKit.framework */; };
		60404F1315C7E4F400081A0A /* Foundation.framework in Frameworks */ = {isa = PBXBuildFile; fileRef = 60404F1215C7E4F400081A0A /* Foundation.framework */; };
		60404F1515C7E4F400081A0A /* CoreGraphics.framework in Frameworks */ = {isa = PBXBuildFile; fileRef = 60404F1415C7E4F400081A0A /* CoreGraphics.framework */; };
		60404F1B15C7E4F400081A0A /* InfoPlist.strings in Resources */ = {isa = PBXBuildFile; fileRef = 60404F1915C7E4F400081A0A /* InfoPlist.strings */; };
		60404F1D15C7E4F400081A0A /* main.m in Sources */ = {isa = PBXBuildFile; fileRef = 60404F1C15C7E4F400081A0A /* main.m */; };
		60404F2115C7E4F400081A0A /* WebViewAppDelegate.m in Sources */ = {isa = PBXBuildFile; fileRef = 60404F2015C7E4F400081A0A /* WebViewAppDelegate.m */; };
		60404F2415C7E4F400081A0A /* WebViewViewController.m in Sources */ = {isa = PBXBuildFile; fileRef = 60404F2315C7E4F400081A0A /* WebViewViewController.m */; };
		60404F2715C7E4F400081A0A /* WebViewViewController.xib in Resources */ = {isa = PBXBuildFile; fileRef = 60404F2515C7E4F400081A0A /* WebViewViewController.xib */; };
/* End PBXBuildFile section */

/* Begin PBXFileReference section */
		60404F0C15C7E4F400081A0A /* UIWebViewDemo.app */ = {isa = PBXFileReference; explicitFileType = wrapper.application; includeInIndex = 0; path = UIWebViewDemo.app; sourceTree = BUILT_PRODUCTS_DIR; };
		60404F1015C7E4F400081A0A /* UIKit.framework */ = {isa = PBXFileReference; lastKnownFileType = wrapper.framework; name = UIKit.framework; path = System/Library/Frameworks/UIKit.framework; sourceTree = SDKROOT; };
		60404F1215C7E4F400081A0A /* Foundation.framework */ = {isa = PBXFileReference; lastKnownFileType = wrapper.framework; name = Foundation.framework; path = System/Library/Frameworks/Foundation.framework; sourceTree = SDKROOT; };
		60404F1415C7E4F400081A0A /* CoreGraphics.framework */ = {isa = PBXFileReference; lastKnownFileType = wrapper.framework; name = CoreGraphics.framework; path = System/Library/Frameworks/CoreGraphics.framework; sourceTree = SDKROOT; };
		60404F1815C7E4F400081A0A /* UIWebViewDemo-Info.plist */ = {isa = PBXFileReference; path = "UIWebViewDemo-Info.plist"; sourceTree = "<group>"; };
		60404F1A15C7E4F400081A0A /* en */ = {isa = PBXFileReference; lastKnownFileType = text.plist.strings; name = en; path = en.lproj/InfoPlist.strings; sourceTree = "<group>"; };
		60404F1C15C7E4F400081A0A /* main.m */ = {isa = PBXFileReference; lastKnownFileType = sourcecode.c.objc; path = main.m; sourceTree = "<group>"; };
		60404F1E15C7E4F400081A0A /* UIWebViewDemo-Prefix.pch */ = {isa = PBXFileReference; path = "UIWebViewDemo-Prefix.pch"; sourceTree = "<group>"; };
		60404F1F15C7E4F400081A0A /* WebViewAppDelegate.h */ = {isa = PBXFileReference; path = WebViewAppDelegate.h; sourceTree = "<group>"; };
		60404F2015C7E4F400081A0A /* WebViewAppDelegate.m */ = {isa = PBXFileReference; lastKnownFileType = sourcecode.c.objc; path = WebViewAppDelegate.m; sourceTree = "<group>"; };
		60404F2215C7E4F400081A0A /* WebViewViewController.h */ = {isa = PBXFileReference; path = WebViewViewController.h; sourceTree = "<group>"; };
		60404F2315C7E4F400081A0A /* WebViewViewController.m */ = {isa = PBXFileReference; lastKnownFileType = sourcecode.c.objc; path = WebViewViewController.m; sourceTree = "<group>"; };
		60404F2615C7E4F400081A0A /* en */ = {isa = PBXFileReference; lastKnownFileType = file.xib; name = en; path = en.lproj/WebViewViewController.xib; sourceTree = "<group>"; };
/* End PBXFileReference section */

/* Begin PBXFrameworksBuildPhase section */
		60404F0915C7E4F400081A0A /* Frameworks */ = {
			isa = PBXFrameworksBuildPhase;
			buildActionMask = 2147483647;
			files = (
				60404F1115C7E4F400081A0A /* UIKit.framework in Frameworks */,
				60404F1315C7E4F400081A0A /* Foundation.framework in Frameworks */,
				60404F1515C7E4F400081A0A /* CoreGraphics.framework in Frameworks */,
			);
			runOnlyForDeploymentPostprocessing = 0;
		};
/* End PBXFrameworksBuildPhase section */

/* Begin PBXGroup section */
		60404F0115C7E4F400081A0A = {
			isa = PBXGroup;
			children = (
				60404F1615C7E4F400081A0A /* UIWebViewDemo */,
				60404F0F15C7E4F400081A0A /* Frameworks */,
				60404F0D15C7E4F400081A0A /* Products */,
			);
			sourceTree = "<group>";
		};
		60404F0D15C7E4F400081A0A /* Products */ = {
			isa = PBXGroup;
			children = (
				60404F0C15C7E4F400081A0A /* UIWebViewDemo.app */,
			);
			name = Products;
			sourceTree = "<group>";
		};
		60404F0F15C7E4F400081A0A /* Frameworks */ = {
			isa = PBXGroup;
			children = (
				60404F1015C7E4F400081A0A /* UIKit.framework */,
				60404F1215C7E4F400081A0A /* Foundation.framework */,
				60404F1415C7E4F400081A0A /* CoreGraphics.framework */,
			);
			name = Frameworks;
			sourceTree = "<group>";
		};
		60404F1615C7E4F400081A0A /* UIWebViewDemo */ = {
			isa = PBXGroup;
			children = (
				60404F1F15C7E4F400081A0A /* WebViewAppDelegate.h */,
				60404F2015C7E4F400081A0A /* WebViewAppDelegate.m */,
				60404F2215C7E4F400081A0A /* WebViewViewController.h */,
				60404F2315C7E4F400081A0A /* WebViewViewController.m */,
				60404F2515C7E4F400081A0A /* WebViewViewController.xib */,
				60404F1715C7E4F400081A0A /* Supporting Files */,
			);
			path = UIWebViewDemo;
			sourceTree = "<group>";
		};
		60404F1715C7E4F400081A0A /* Supporting Files */ = {
			isa = PBXGroup;
			children = (
				60404F1815C7E4F400081A0A /* UIWebViewDemo-Info.plist */,
				60404F1915C7E4F400081A0A /* InfoPlist.strings */,
				60404F1C15C7E4F400081A0A /* main.m */,
				60404F1E15C7E4F400081A0A /* UIWebViewDemo-Prefix.pch */,
			);
			name = "Supporting Files";
			sourceTree = "<group>";
		};
/* End PBXGroup section */

/* Begin PBXNativeTarget section */
		60404F0B15C7E4F400081A0A /* UIWebViewDemo */ = {
			isa = PBXNativeTarget;
			buildConfigurationList = 60404F2A15C7E4F400081A0A /* Build configuration list for PBXNativeTarget "UIWebViewDemo" */;
			buildPhases = (
				60404F0815C7E4F400081A0A /* Sources */,
				60404F0915C7E4F400081A0A /* Frameworks */,
				60404F0A15C7E4F400081A0A /* Resources */,
			);
			buildRules = (
			);
			dependencies = (
			);
			name = UIWebViewDemo;
			productName = UIWebViewDemo;
			productReference = 60404F0C15C7E4F400081A0A /* UIWebViewDemo.app */;
			productType = "com.apple.product-type.application";
		};
/* End PBXNativeTarget section */

/* Begin PBXProject section */
		60404F0315C7E4F400081A0A /* Project object */ = {
			isa = PBXProject;
			attributes = {
				CLASSPREFIX = WebView;
				LastUpgradeCheck = 0430;
			};
			buildConfigurationList = 60404F0615C7E4F400081A0A /* Build configuration list for PBXProject "UIWebViewDemo" */;
			compatibilityVersion = "Xcode 3.2";
			developmentRegion = English;
			hasScannedForEncodings = 0;
			knownRegions = (
				en,
			);
			mainGroup = 60404F0115C7E4F400081A0A;
			productRefGroup = 60404F0D15C7E4F400081A0A /* Products */;
			projectDirPath = "";
			projectRoot = "";
			targets = (
				60404F0B15C7E4F400081A0A /* UIWebViewDemo */,
			);
		};
/* End PBXProject section */

/* Begin PBXResourcesBuildPhase section */
		60404F0A15C7E4F400081A0A /* Resources */ = {
			isa = PBXResourcesBuildPhase;
			buildActionMask = 2147483647;
			files = (
				60404F1B15C7E4F400081A0A /* InfoPlist.strings in Resources */,
				60404F2715C7E4F400081A0A /* WebViewViewController.xib in Resources */,
			);
			runOnlyForDeploymentPostprocessing = 0;
		};
/* End PBXResourcesBuildPhase section */

/* Begin PBXSourcesBuildPhase section */
		60404F0815C7E4F400081A0A /* Sources */ = {
			isa = PBXSourcesBuildPhase;
			buildActionMask = 2147483647;
			files = (
				60404F1D15C7E4F400081A0A /* main.m in Sources */,
				60404F2115C7E4F400081A0A /* WebViewAppDelegate.m in Sources */,
				60404F2415C7E4F400081A0A /* WebViewViewController.m in Sources */,
			);
			runOnlyForDeploymentPostprocessing = 0;
		};
/* End PBXSourcesBuildPhase section */

/* Begin PBXVariantGroup section */
		60404F1915C7E4F400081A0A /* InfoPlist.strings */ = {
			isa = PBXVariantGroup;
			children = (
				60404F1A15C7E4F400081A0A /* en */,
			);
			name = InfoPlist.strings;
			sourceTree = "<group>";
		};
		60404F2515C7E4F400081A0A /* WebViewViewController.xib */ = {
			isa = PBXVariantGroup;
			children = (
				60404F2615C7E4F400081A0A /* en */,
			);
			name = WebViewViewController.xib;
			sourceTree = "<group>";
		};
/* End PBXVariantGroup section */

/* Begin XCBuildConfiguration section */
		60404F2815C7E4F400081A0A /* Debug */ = {
			isa = XCBuildConfiguration;
			buildSettings = {
				ALWAYS_SEARCH_USER_PATHS = NO;
				ARCHS = "$(ARCHS_STANDARD_32_BIT)";
				CLANG_ENABLE_OBJC_ARC = YES;
				"CODE_SIGN_IDENTITY[sdk=iphoneos*]" = "iPhone Developer";
				COPY_PHASE_STRIP = NO;
				GCC_C_LANGUAGE_STANDARD = gnu99;
				GCC_DYNAMIC_NO_PIC = NO;
				GCC_OPTIMIZATION_LEVEL = 0;
				GCC_PREPROCESSOR_DEFINITIONS = (
					"DEBUG=1",
					"$(inherited)",
				);
				GCC_SYMBOLS_PRIVATE_EXTERN = NO;
				GCC_VERSION = com.apple.compilers.llvm.clang.1_0;
				GCC_WARN_ABOUT_RETURN_TYPE = YES;
				GCC_WARN_UNINITIALIZED_AUTOS = YES;
				GCC_WARN_UNUSED_VARIABLE = YES;
				IPHONEOS_DEPLOYMENT_TARGET = 5.1;
				SDKROOT = iphoneos;
			};
			name = Debug;
		};
		60404F2915C7E4F400081A0A /* Release */ = {
			isa = XCBuildConfiguration;
			buildSettings = {
				ALWAYS_SEARCH_USER_PATHS = NO;
				ARCHS = "$(ARCHS_STANDARD_32_BIT)";
				CLANG_ENABLE_OBJC_ARC = YES;
				"CODE_SIGN_IDENTITY[sdk=iphoneos*]" = "iPhone Developer";
				COPY_PHASE_STRIP = YES;
				GCC_C_LANGUAGE_STANDARD = gnu99;
				GCC_VERSION = com.apple.compilers.llvm.clang.1_0;
				GCC_WARN_ABOUT_RETURN_TYPE = YES;
				GCC_WARN_UNINITIALIZED_AUTOS = YES;
				GCC_WARN_UNUSED_VARIABLE = YES;
				IPHONEOS_DEPLOYMENT_TARGET = 5.1;
				OTHER_CFLAGS = "-DNS_BLOCK_ASSERTIONS=1";
				SDKROOT = iphoneos;
				VALIDATE_PRODUCT = YES;
			};
			name = Release;
		};
		60404F2B15C7E4F400081A0A /* Debug */ = {
			isa = XCBuildConfiguration;
			buildSettings = {
				GCC_PRECOMPILE_PREFIX_HEADER = YES;
				GCC_PREFIX_HEADER = "UIWebViewDemo/UIWebViewDemo-Prefix.pch";
				INFOPLIST_FILE = "UIWebViewDemo/UIWebViewDemo-Info.plist";
				PRODUCT_NAME = "$(TARGET_NAME)";
				WRAPPER_EXTENSION = app;
			};
			name = Debug;
		};
		60404F2C15C7E4F400081A0A /* Release */ = {
			isa = XCBuildConfiguration;
			buildSettings = {
				GCC_PRECOMPILE_PREFIX_HEADER = YES;
				GCC_PREFIX_HEADER = "UIWebViewDemo/UIWebViewDemo-Prefix.pch";
				INFOPLIST_FILE = "UIWebViewDemo/UIWebViewDemo-Info.plist";
				PRODUCT_NAME = "$(TARGET_NAME)";
				WRAPPER_EXTENSION = app;
			};
			name = Release;
		};
/* End XCBuildConfiguration section */

/* Begin XCConfigurationList section */
		60404F0615C7E4F400081A0A /* Build configuration list for PBXProject "UIWebViewDemo" */ = {
			isa = XCConfigurationList;
			buildConfigurations = (
				60404F2815C7E4F400081A0A /* Debug */,
				60404F2915C7E4F400081A0A /* Release */,
			);
			defaultConfigurationIsVisible = 0;
			defaultConfigurationName = Release;
		};
		60404F2A15C7E4F400081A0A /* Build configuration list for PBXNativeTarget "UIWebViewDemo" */ = {
			isa = XCConfigurationList;
			buildConfigurations = (
				60404F2B15C7E4F400081A0A /* Debug */,
				60404F2C15C7E4F400081A0A /* Release */,
			);
			defaultConfigurationIsVisible = 0;
		};
/* End XCConfigurationList section */
	};
	rootObject = 60404F0315C7E4F400081A0A /* Project object */;
}
